// !$*UTF8*$!
{
	archiveVersion = 1;
	classes = {
	};
	objectVersion = 46;
	objects = {

/* Begin PBXBuildFile section */
		66EE51061F2330650037BC52 /* AppDelegate.swift in Sources */ = {isa = PBXBuildFile; fileRef = 66EE51051F2330650037BC52 /* AppDelegate.swift */; };
		66EE51081F2330650037BC52 /* ViewController.swift in Sources */ = {isa = PBXBuildFile; fileRef = 66EE51071F2330650037BC52 /* ViewController.swift */; };
		66EE510B1F2330650037BC52 /* Main.storyboard in Resources */ = {isa = PBXBuildFile; fileRef = 66EE51091F2330650037BC52 /* Main.storyboard */; };
		66EE510D1F2330650037BC52 /* Assets.xcassets in Resources */ = {isa = PBXBuildFile; fileRef = 66EE510C1F2330650037BC52 /* Assets.xcassets */; };
		66EE51101F2330650037BC52 /* LaunchScreen.storyboard in Resources */ = {isa = PBXBuildFile; fileRef = 66EE510E1F2330650037BC52 /* LaunchScreen.storyboard */; };
/* End PBXBuildFile section */

/* Begin PBXFileReference section */
		66EE51021F2330650037BC52 /* imageTest.app */ = {isa = PBXFileReference; explicitFileType = wrapper.application; includeInIndex = 0; path = imageTest.app; sourceTree = BUILT_PRODUCTS_DIR; };
		66EE51051F2330650037BC52 /* AppDelegate.swift */ = {isa = PBXFileReference; lastKnownFileType = sourcecode.swift; path = AppDelegate.swift; sourceTree = "<group>"; };
		66EE51071F2330650037BC52 /* ViewController.swift */ = {isa = PBXFileReference; lastKnownFileType = sourcecode.swift; path = ViewController.swift; sourceTree = "<group>"; };
		66EE510A1F2330650037BC52 /* Base */ = {isa = PBXFileReference; lastKnownFileType = file.storyboard; name = Base; path = Base.lproj/Main.storyboard; sourceTree = "<group>"; };
		66EE510C1F2330650037BC52 /* Assets.xcassets */ = {isa = PBXFileReference; lastKnownFileType = folder.assetcatalog; path = Assets.xcassets; sourceTree = "<group>"; };
		66EE510F1F2330650037BC52 /* Base */ = {isa = PBXFileReference; lastKnownFileType = file.storyboard; name = Base; path = Base.lproj/LaunchScreen.storyboard; sourceTree = "<group>"; };
		66EE51111F2330650037BC52 /* Info.plist */ = {isa = PBXFileReference; lastKnownFileType = text.plist.xml; path = Info.plist; sourceTree = "<group>"; };
/* End PBXFileReference section */

/* Begin PBXFrameworksBuildPhase section */
		66EE50FF1F2330650037BC52 /* Frameworks */ = {
			isa = PBXFrameworksBuildPhase;
			buildActionMask = 2147483647;
			files = (
			);
			runOnlyForDeploymentPostprocessing = 0;
		};
/* End PBXFrameworksBuildPhase section */

/* Begin PBXGroup section */
		66EE50F91F2330650037BC52 = {
			isa = PBXGroup;
			children = (
				66EE51041F2330650037BC52 /* imageTest */,
				66EE51031F2330650037BC52 /* Products */,
			);
			sourceTree = "<group>";
		};
		66EE51031F2330650037BC52 /* Products */ = {
			isa = PBXGroup;
			children = (
				66EE51021F2330650037BC52 /* imageTest.app */,
			);
			name = Products;
			sourceTree = "<group>";
		};
		66EE51041F2330650037BC52 /* imageTest */ = {
			isa = PBXGroup;
			children = (
				66EE51051F2330650037BC52 /* AppDelegate.swift */,
				66EE51071F2330650037BC52 /* ViewController.swift */,
				66EE51091F2330650037BC52 /* Main.storyboard */,
				66EE510C1F2330650037BC52 /* Assets.xcassets */,
				66EE510E1F2330650037BC52 /* LaunchScreen.storyboard */,
				66EE51111F2330650037BC52 /* Info.plist */,
			);
			path = imageTest;
			sourceTree = "<group>";
		};
/* End PBXGroup section */

/* Begin PBXNativeTarget section */
		66EE51011F2330650037BC52 /* imageTest */ = {
			isa = PBXNativeTarget;
			buildConfigurationList = 66EE51141F2330650037BC52 /* Build configuration list for PBXNativeTarget "imageTest" */;
			buildPhases = (
				66EE50FE1F2330650037BC52 /* Sources */,
				66EE50FF1F2330650037BC52 /* Frameworks */,
				66EE51001F2330650037BC52 /* Resources */,
			);
			buildRules = (
			);
			dependencies = (
			);
			name = imageTest;
			productName = imageTest;
			productReference = 66EE51021F2330650037BC52 /* imageTest.app */;
			productType = "com.apple.product-type.application";
		};
/* End PBXNativeTarget section */

/* Begin PBXProject section */
		66EE50FA1F2330650037BC52 /* Project object */ = {
			isa = PBXProject;
			attributes = {
				LastSwiftUpdateCheck = 0830;
				LastUpgradeCheck = 0830;
				ORGANIZATIONNAME = TakahiroJimba;
				TargetAttributes = {
					66EE51011F2330650037BC52 = {
						CreatedOnToolsVersion = 8.3.3;
						DevelopmentTeam = PKENYAN37N;
						ProvisioningStyle = Automatic;
					};
				};
			};
			buildConfigurationList = 66EE50FD1F2330650037BC52 /* Build configuration list for PBXProject "imageTest" */;
			compatibilityVersion = "Xcode 3.2";
			developmentRegion = English;
			hasScannedForEncodings = 0;
			knownRegions = (
				en,
				Base,
			);
			mainGroup = 66EE50F91F2330650037BC52;
			productRefGroup = 66EE51031F2330650037BC52 /* Products */;
			projectDirPath = "";
			projectRoot = "";
			targets = (
				66EE51011F2330650037BC52 /* imageTest */,
			);
		};
/* End PBXProject section */

/* Begin PBXResourcesBuildPhase section */
		66EE51001F2330650037BC52 /* Resources */ = {
			isa = PBXResourcesBuildPhase;
			buildActionMask = 2147483647;
			files = (
				66EE51101F2330650037BC52 /* LaunchScreen.storyboard in Resources */,
				66EE510D1F2330650037BC52 /* Assets.xcassets in Resources */,
				66EE510B1F2330650037BC52 /* Main.storyboard in Resources */,
			);
			runOnlyForDeploymentPostprocessing = 0;
		};
/* End PBXResourcesBuildPhase section */

/* Begin PBXSourcesBuildPhase section */
		66EE50FE1F2330650037BC52 /* Sources */ = {
			isa = PBXSourcesBuildPhase;
			buildActionMask = 2147483647;
			files = (
				66EE51081F2330650037BC52 /* ViewController.swift in Sources */,
				66EE51061F2330650037BC52 /* AppDelegate.swift in Sources */,
			);
			runOnlyForDeploymentPostprocessing = 0;
		};
/* End PBXSourcesBuildPhase section */

/* Begin PBXVariantGroup section */
		66EE51091F2330650037BC52 /* Main.storyboard */ = {
			isa = PBXVariantGroup;
			children = (
				66EE510A1F2330650037BC52 /* Base */,
			);
			name = Main.storyboard;
			sourceTree = "<group>";
		};
		66EE510E1F2330650037BC52 /* LaunchScreen.storyboard */ = {
			isa = PBXVariantGroup;
			children = (
				66EE510F1F2330650037BC52 /* Base */,
			);
			name = LaunchScreen.storyboard;
			sourceTree = "<group>";
		};
/* End PBXVariantGroup section */

/* Begin XCBuildConfiguration section */
		66EE51121F2330650037BC52 /* Debug */ = {
			isa = XCBuildConfiguration;
			buildSettings = {
				ALWAYS_SEARCH_USER_PATHS = NO;
				CLANG_ANALYZER_NONNULL = YES;
				CLANG_ANALYZER_NUMBER_OBJECT_CONVERSION = YES_AGGRESSIVE;
				CLANG_CXX_LANGUAGE_STANDARD = "gnu++0x";
				CLANG_CXX_LIBRARY = "libc++";
				CLANG_ENABLE_MODULES = YES;
				CLANG_ENABLE_OBJC_ARC = YES;
				CLANG_WARN_BOOL_CONVERSION = YES;
				CLANG_WARN_CONSTANT_CONVERSION = YES;
				CLANG_WARN_DIRECT_OBJC_ISA_USAGE = YES_ERROR;
				CLANG_WARN_DOCUMENTATION_COMMENTS = YES;
				CLANG_WARN_EMPTY_BODY = YES;
				CLANG_WARN_ENUM_CONVERSION = YES;
				CLANG_WARN_INFINITE_RECURSION = YES;
				CLANG_WARN_INT_CONVERSION = YES;
				CLANG_WARN_OBJC_ROOT_CLASS = YES_ERROR;
				CLANG_WARN_SUSPICIOUS_MOVE = YES;
				CLANG_WARN_UNREACHABLE_CODE = YES;
				CLANG_WARN__DUPLICATE_METHOD_MATCH = YES;
				"CODE_SIGN_IDENTITY[sdk=iphoneos*]" = "iPhone Developer";
				COPY_PHASE_STRIP = NO;
				DEBUG_INFORMATION_FORMAT = dwarf;
				ENABLE_STRICT_OBJC_MSGSEND = YES;
				ENABLE_TESTABILITY = YES;
				GCC_C_LANGUAGE_STANDARD = gnu99;
				GCC_DYNAMIC_NO_PIC = NO;
				GCC_NO_COMMON_BLOCKS = YES;
				GCC_OPTIMIZATION_LEVEL = 0;
				GCC_PREPROCESSOR_DEFINITIONS = (
					"DEBUG=1",
					"$(inherited)",
				);
				GCC_WARN_64_TO_32_BIT_CONVERSION = YES;
				GCC_WARN_ABOUT_RETURN_TYPE = YES_ERROR;
				GCC_WARN_UNDECLARED_SELECTOR = YES;
				GCC_WARN_UNINITIALIZED_AUTOS = YES_AGGRESSIVE;
				GCC_WARN_UNUSED_FUNCTION = YES;
				GCC_WARN_UNUSED_VARIABLE = YES;
				IPHONEOS_DEPLOYMENT_TARGET = 10.3;
				MTL_ENABLE_DEBUG_INFO = YES;
				ONLY_ACTIVE_ARCH = YES;
				SDKROOT = iphoneos;
				SWIFT_ACTIVE_COMPILATION_CONDITIONS = DEBUG;
				SWIFT_OPTIMIZATION_LEVEL = "-Onone";
			};
			name = Debug;
		};
		66EE51131F2330650037BC52 /* Release */ = {
			isa = XCBuildConfiguration;
			buildSettings = {
				ALWAYS_SEARCH_USER_PATHS = NO;
				CLANG_ANALYZER_NONNULL = YES;
				CLANG_ANALYZER_NUMBER_OBJECT_CONVERSION = YES_AGGRESSIVE;
				CLANG_CXX_LANGUAGE_STANDARD = "gnu++0x";
				CLANG_CXX_LIBRARY = "libc++";
				CLANG_ENABLE_MODULES = YES;
				CLANG_ENABLE_OBJC_ARC = YES;
				CLANG_WARN_BOOL_CONVERSION = YES;
				CLANG_WARN_CONSTANT_CONVERSION = YES;
				CLANG_WARN_DIRECT_OBJC_ISA_USAGE = YES_ERROR;
				CLANG_WARN_DOCUMENTATION_COMMENTS = YES;
				CLANG_WARN_EMPTY_BODY = YES;
				CLANG_WARN_ENUM_CONVERSION = YES;
				CLANG_WARN_INFINITE_RECURSION = YES;
				CLANG_WARN_INT_CONVERSION = YES;
				CLANG_WARN_OBJC_ROOT_CLASS = YES_ERROR;
				CLANG_WARN_SUSPICIOUS_MOVE = YES;
				CLANG_WARN_UNREACHABLE_CODE = YES;
				CLANG_WARN__DUPLICATE_METHOD_MATCH = YES;
				"CODE_SIGN_IDENTITY[sdk=iphoneos*]" = "iPhone Developer";
				COPY_PHASE_STRIP = NO;
				DEBUG_INFORMATION_FORMAT = "dwarf-with-dsym";
				ENABLE_NS_ASSERTIONS = NO;
				ENABLE_STRICT_OBJC_MSGSEND = YES;
				GCC_C_LANGUAGE_STANDARD = gnu99;
				GCC_NO_COMMON_BLOCKS = YES;
				GCC_WARN_64_TO_32_BIT_CONVERSION = YES;
				GCC_WARN_ABOUT_RETURN_TYPE = YES_ERROR;
				GCC_WARN_UNDECLARED_SELECTOR = YES;
				GCC_WARN_UNINITIALIZED_AUTOS = YES_AGGRESSIVE;
				GCC_WARN_UNUSED_FUNCTION = YES;
				GCC_WARN_UNUSED_VARIABLE = YES;
				IPHONEOS_DEPLOYMENT_TARGET = 10.3;
				MTL_ENABLE_DEBUG_INFO = NO;
				SDKROOT = iphoneos;
				SWIFT_OPTIMIZATION_LEVEL = "-Owholemodule";
				VALIDATE_PRODUCT = YES;
			};
			name = Release;
		};
		66EE51151F2330650037BC52 /* Debug */ = {
			isa = XCBuildConfiguration;
			buildSettings = {
				ASSETCATALOG_COMPILER_APPICON_NAME = AppIcon;
				DEVELOPMENT_TEAM = PKENYAN37N;
				INFOPLIST_FILE = imageTest/Info.plist;
				LD_RUNPATH_SEARCH_PATHS = "$(inherited) @executable_path/Frameworks";
				PRODUCT_BUNDLE_IDENTIFIER = jp.myapp.imageTest;
				PRODUCT_NAME = "$(TARGET_NAME)";
				SWIFT_VERSION = 3.0;
			};
			name = Debug;
		};
		66EE51161F2330650037BC52 /* Release */ = {
			isa = XCBuildConfiguration;
			buildSettings = {
				ASSETCATALOG_COMPILER_APPICON_NAME = AppIcon;
				DEVELOPMENT_TEAM = PKENYAN37N;
				INFOPLIST_FILE = imageTest/Info.plist;
				LD_RUNPATH_SEARCH_PATHS = "$(inherited) @executable_path/Frameworks";
				PRODUCT_BUNDLE_IDENTIFIER = jp.myapp.imageTest;
				PRODUCT_NAME = "$(TARGET_NAME)";
				SWIFT_VERSION = 3.0;
			};
			name = Release;
		};
/* End XCBuildConfiguration section */

/* Begin XCConfigurationList section */
		66EE50FD1F2330650037BC52 /* Build configuration list for PBXProject "imageTest" */ = {
			isa = XCConfigurationList;
			buildConfigurations = (
				66EE51121F2330650037BC52 /* Debug */,
				66EE51131F2330650037BC52 /* Release */,
			);
			defaultConfigurationIsVisible = 0;
			defaultConfigurationName = Release;
		};
		66EE51141F2330650037BC52 /* Build configuration list for PBXNativeTarget "imageTest" */ = {
			isa = XCConfigurationList;
			buildConfigurations = (
				66EE51151F2330650037BC52 /* Debug */,
				66EE51161F2330650037BC52 /* Release */,
			);
			defaultConfigurationIsVisible = 0;
		};
/* End XCConfigurationList section */
	};
	rootObject = 66EE50FA1F2330650037BC52 /* Project object */;
}
