// !$*UTF8*$!
{
	archiveVersion = 1;
	classes = {
	};
	objectVersion = 46;
	objects = {

/* Begin PBXBuildFile section */
		66C22C921F2230CB004DD4A2 /* AppDelegate.swift in Sources */ = {isa = PBXBuildFile; fileRef = 66C22C911F2230CB004DD4A2 /* AppDelegate.swift */; };
		66C22C941F2230CB004DD4A2 /* ViewController.swift in Sources */ = {isa = PBXBuildFile; fileRef = 66C22C931F2230CB004DD4A2 /* ViewController.swift */; };
		66C22C971F2230CB004DD4A2 /* Main.storyboard in Resources */ = {isa = PBXBuildFile; fileRef = 66C22C951F2230CB004DD4A2 /* Main.storyboard */; };
		66C22C991F2230CB004DD4A2 /* Assets.xcassets in Resources */ = {isa = PBXBuildFile; fileRef = 66C22C981F2230CB004DD4A2 /* Assets.xcassets */; };
		66C22C9C1F2230CB004DD4A2 /* LaunchScreen.storyboard in Resources */ = {isa = PBXBuildFile; fileRef = 66C22C9A1F2230CB004DD4A2 /* LaunchScreen.storyboard */; };
		66C22CA41F223115004DD4A2 /* MyData.swift in Sources */ = {isa = PBXBuildFile; fileRef = 66C22CA31F223115004DD4A2 /* MyData.swift */; };
/* End PBXBuildFile section */

/* Begin PBXFileReference section */
		66C22C8E1F2230CB004DD4A2 /* SampleCustomClassDataStorage.app */ = {isa = PBXFileReference; explicitFileType = wrapper.application; includeInIndex = 0; path = SampleCustomClassDataStorage.app; sourceTree = BUILT_PRODUCTS_DIR; };
		66C22C911F2230CB004DD4A2 /* AppDelegate.swift */ = {isa = PBXFileReference; lastKnownFileType = sourcecode.swift; path = AppDelegate.swift; sourceTree = "<group>"; };
		66C22C931F2230CB004DD4A2 /* ViewController.swift */ = {isa = PBXFileReference; lastKnownFileType = sourcecode.swift; path = ViewController.swift; sourceTree = "<group>"; };
		66C22C961F2230CB004DD4A2 /* Base */ = {isa = PBXFileReference; lastKnownFileType = file.storyboard; name = Base; path = Base.lproj/Main.storyboard; sourceTree = "<group>"; };
		66C22C981F2230CB004DD4A2 /* Assets.xcassets */ = {isa = PBXFileReference; lastKnownFileType = folder.assetcatalog; path = Assets.xcassets; sourceTree = "<group>"; };
		66C22C9B1F2230CB004DD4A2 /* Base */ = {isa = PBXFileReference; lastKnownFileType = file.storyboard; name = Base; path = Base.lproj/LaunchScreen.storyboard; sourceTree = "<group>"; };
		66C22C9D1F2230CB004DD4A2 /* Info.plist */ = {isa = PBXFileReference; lastKnownFileType = text.plist.xml; path = Info.plist; sourceTree = "<group>"; };
		66C22CA31F223115004DD4A2 /* MyData.swift */ = {isa = PBXFileReference; fileEncoding = 4; lastKnownFileType = sourcecode.swift; path = MyData.swift; sourceTree = "<group>"; };
/* End PBXFileReference section */

/* Begin PBXFrameworksBuildPhase section */
		66C22C8B1F2230CB004DD4A2 /* Frameworks */ = {
			isa = PBXFrameworksBuildPhase;
			buildActionMask = 2147483647;
			files = (
			);
			runOnlyForDeploymentPostprocessing = 0;
		};
/* End PBXFrameworksBuildPhase section */

/* Begin PBXGroup section */
		66C22C851F2230CB004DD4A2 = {
			isa = PBXGroup;
			children = (
				66C22CA31F223115004DD4A2 /* MyData.swift */,
				66C22C901F2230CB004DD4A2 /* SampleCustomClassDataStorage */,
				66C22C8F1F2230CB004DD4A2 /* Products */,
			);
			sourceTree = "<group>";
		};
		66C22C8F1F2230CB004DD4A2 /* Products */ = {
			isa = PBXGroup;
			children = (
				66C22C8E1F2230CB004DD4A2 /* SampleCustomClassDataStorage.app */,
			);
			name = Products;
			sourceTree = "<group>";
		};
		66C22C901F2230CB004DD4A2 /* SampleCustomClassDataStorage */ = {
			isa = PBXGroup;
			children = (
				66C22C911F2230CB004DD4A2 /* AppDelegate.swift */,
				66C22C931F2230CB004DD4A2 /* ViewController.swift */,
				66C22C951F2230CB004DD4A2 /* Main.storyboard */,
				66C22C981F2230CB004DD4A2 /* Assets.xcassets */,
				66C22C9A1F2230CB004DD4A2 /* LaunchScreen.storyboard */,
				66C22C9D1F2230CB004DD4A2 /* Info.plist */,
			);
			path = SampleCustomClassDataStorage;
			sourceTree = "<group>";
		};
/* End PBXGroup section */

/* Begin PBXNativeTarget section */
		66C22C8D1F2230CB004DD4A2 /* SampleCustomClassDataStorage */ = {
			isa = PBXNativeTarget;
			buildConfigurationList = 66C22CA01F2230CB004DD4A2 /* Build configuration list for PBXNativeTarget "SampleCustomClassDataStorage" */;
			buildPhases = (
				66C22C8A1F2230CB004DD4A2 /* Sources */,
				66C22C8B1F2230CB004DD4A2 /* Frameworks */,
				66C22C8C1F2230CB004DD4A2 /* Resources */,
			);
			buildRules = (
			);
			dependencies = (
			);
			name = SampleCustomClassDataStorage;
			productName = SampleCustomClassDataStorage;
			productReference = 66C22C8E1F2230CB004DD4A2 /* SampleCustomClassDataStorage.app */;
			productType = "com.apple.product-type.application";
		};
/* End PBXNativeTarget section */

/* Begin PBXProject section */
		66C22C861F2230CB004DD4A2 /* Project object */ = {
			isa = PBXProject;
			attributes = {
				LastSwiftUpdateCheck = 0830;
				LastUpgradeCheck = 0830;
				ORGANIZATIONNAME = TakahiroJimba;
				TargetAttributes = {
					66C22C8D1F2230CB004DD4A2 = {
						CreatedOnToolsVersion = 8.3.3;
						DevelopmentTeam = PKENYAN37N;
						ProvisioningStyle = Automatic;
					};
				};
			};
			buildConfigurationList = 66C22C891F2230CB004DD4A2 /* Build configuration list for PBXProject "SampleCustomClassDataStorage" */;
			compatibilityVersion = "Xcode 3.2";
			developmentRegion = English;
			hasScannedForEncodings = 0;
			knownRegions = (
				en,
				Base,
			);
			mainGroup = 66C22C851F2230CB004DD4A2;
			productRefGroup = 66C22C8F1F2230CB004DD4A2 /* Products */;
			projectDirPath = "";
			projectRoot = "";
			targets = (
				66C22C8D1F2230CB004DD4A2 /* SampleCustomClassDataStorage */,
			);
		};
/* End PBXProject section */

/* Begin PBXResourcesBuildPhase section */
		66C22C8C1F2230CB004DD4A2 /* Resources */ = {
			isa = PBXResourcesBuildPhase;
			buildActionMask = 2147483647;
			files = (
				66C22C9C1F2230CB004DD4A2 /* LaunchScreen.storyboard in Resources */,
				66C22C991F2230CB004DD4A2 /* Assets.xcassets in Resources */,
				66C22C971F2230CB004DD4A2 /* Main.storyboard in Resources */,
			);
			runOnlyForDeploymentPostprocessing = 0;
		};
/* End PBXResourcesBuildPhase section */

/* Begin PBXSourcesBuildPhase section */
		66C22C8A1F2230CB004DD4A2 /* Sources */ = {
			isa = PBXSourcesBuildPhase;
			buildActionMask = 2147483647;
			files = (
				66C22CA41F223115004DD4A2 /* MyData.swift in Sources */,
				66C22C941F2230CB004DD4A2 /* ViewController.swift in Sources */,
				66C22C921F2230CB004DD4A2 /* AppDelegate.swift in Sources */,
			);
			runOnlyForDeploymentPostprocessing = 0;
		};
/* End PBXSourcesBuildPhase section */

/* Begin PBXVariantGroup section */
		66C22C951F2230CB004DD4A2 /* Main.storyboard */ = {
			isa = PBXVariantGroup;
			children = (
				66C22C961F2230CB004DD4A2 /* Base */,
			);
			name = Main.storyboard;
			sourceTree = "<group>";
		};
		66C22C9A1F2230CB004DD4A2 /* LaunchScreen.storyboard */ = {
			isa = PBXVariantGroup;
			children = (
				66C22C9B1F2230CB004DD4A2 /* Base */,
			);
			name = LaunchScreen.storyboard;
			sourceTree = "<group>";
		};
/* End PBXVariantGroup section */

/* Begin XCBuildConfiguration section */
		66C22C9E1F2230CB004DD4A2 /* Debug */ = {
			isa = XCBuildConfiguration;
			buildSettings = {
				ALWAYS_SEARCH_USER_PATHS = NO;
				CLANG_ANALYZER_NONNULL = YES;
				CLANG_ANALYZER_NUMBER_OBJECT_CONVERSION = YES_AGGRESSIVE;
				CLANG_CXX_LANGUAGE_STANDARD = "gnu++0x";
				CLANG_CXX_LIBRARY = "libc++";
				CLANG_ENABLE_MODULES = YES;
				CLANG_ENABLE_OBJC_ARC = YES;
				CLANG_WARN_BOOL_CONVERSION = YES;
				CLANG_WARN_CONSTANT_CONVERSION = YES;
				CLANG_WARN_DIRECT_OBJC_ISA_USAGE = YES_ERROR;
				CLANG_WARN_DOCUMENTATION_COMMENTS = YES;
				CLANG_WARN_EMPTY_BODY = YES;
				CLANG_WARN_ENUM_CONVERSION = YES;
				CLANG_WARN_INFINITE_RECURSION = YES;
				CLANG_WARN_INT_CONVERSION = YES;
				CLANG_WARN_OBJC_ROOT_CLASS = YES_ERROR;
				CLANG_WARN_SUSPICIOUS_MOVE = YES;
				CLANG_WARN_UNREACHABLE_CODE = YES;
				CLANG_WARN__DUPLICATE_METHOD_MATCH = YES;
				"CODE_SIGN_IDENTITY[sdk=iphoneos*]" = "iPhone Developer";
				COPY_PHASE_STRIP = NO;
				DEBUG_INFORMATION_FORMAT = dwarf;
				ENABLE_STRICT_OBJC_MSGSEND = YES;
				ENABLE_TESTABILITY = YES;
				GCC_C_LANGUAGE_STANDARD = gnu99;
				GCC_DYNAMIC_NO_PIC = NO;
				GCC_NO_COMMON_BLOCKS = YES;
				GCC_OPTIMIZATION_LEVEL = 0;
				GCC_PREPROCESSOR_DEFINITIONS = (
					"DEBUG=1",
					"$(inherited)",
				);
				GCC_WARN_64_TO_32_BIT_CONVERSION = YES;
				GCC_WARN_ABOUT_RETURN_TYPE = YES_ERROR;
				GCC_WARN_UNDECLARED_SELECTOR = YES;
				GCC_WARN_UNINITIALIZED_AUTOS = YES_AGGRESSIVE;
				GCC_WARN_UNUSED_FUNCTION = YES;
				GCC_WARN_UNUSED_VARIABLE = YES;
				IPHONEOS_DEPLOYMENT_TARGET = 10.3;
				MTL_ENABLE_DEBUG_INFO = YES;
				ONLY_ACTIVE_ARCH = YES;
				SDKROOT = iphoneos;
				SWIFT_ACTIVE_COMPILATION_CONDITIONS = DEBUG;
				SWIFT_OPTIMIZATION_LEVEL = "-Onone";
			};
			name = Debug;
		};
		66C22C9F1F2230CB004DD4A2 /* Release */ = {
			isa = XCBuildConfiguration;
			buildSettings = {
				ALWAYS_SEARCH_USER_PATHS = NO;
				CLANG_ANALYZER_NONNULL = YES;
				CLANG_ANALYZER_NUMBER_OBJECT_CONVERSION = YES_AGGRESSIVE;
				CLANG_CXX_LANGUAGE_STANDARD = "gnu++0x";
				CLANG_CXX_LIBRARY = "libc++";
				CLANG_ENABLE_MODULES = YES;
				CLANG_ENABLE_OBJC_ARC = YES;
				CLANG_WARN_BOOL_CONVERSION = YES;
				CLANG_WARN_CONSTANT_CONVERSION = YES;
				CLANG_WARN_DIRECT_OBJC_ISA_USAGE = YES_ERROR;
				CLANG_WARN_DOCUMENTATION_COMMENTS = YES;
				CLANG_WARN_EMPTY_BODY = YES;
				CLANG_WARN_ENUM_CONVERSION = YES;
				CLANG_WARN_INFINITE_RECURSION = YES;
				CLANG_WARN_INT_CONVERSION = YES;
				CLANG_WARN_OBJC_ROOT_CLASS = YES_ERROR;
				CLANG_WARN_SUSPICIOUS_MOVE = YES;
				CLANG_WARN_UNREACHABLE_CODE = YES;
				CLANG_WARN__DUPLICATE_METHOD_MATCH = YES;
				"CODE_SIGN_IDENTITY[sdk=iphoneos*]" = "iPhone Developer";
				COPY_PHASE_STRIP = NO;
				DEBUG_INFORMATION_FORMAT = "dwarf-with-dsym";
				ENABLE_NS_ASSERTIONS = NO;
				ENABLE_STRICT_OBJC_MSGSEND = YES;
				GCC_C_LANGUAGE_STANDARD = gnu99;
				GCC_NO_COMMON_BLOCKS = YES;
				GCC_WARN_64_TO_32_BIT_CONVERSION = YES;
				GCC_WARN_ABOUT_RETURN_TYPE = YES_ERROR;
				GCC_WARN_UNDECLARED_SELECTOR = YES;
				GCC_WARN_UNINITIALIZED_AUTOS = YES_AGGRESSIVE;
				GCC_WARN_UNUSED_FUNCTION = YES;
				GCC_WARN_UNUSED_VARIABLE = YES;
				IPHONEOS_DEPLOYMENT_TARGET = 10.3;
				MTL_ENABLE_DEBUG_INFO = NO;
				SDKROOT = iphoneos;
				SWIFT_OPTIMIZATION_LEVEL = "-Owholemodule";
				VALIDATE_PRODUCT = YES;
			};
			name = Release;
		};
		66C22CA11F2230CB004DD4A2 /* Debug */ = {
			isa = XCBuildConfiguration;
			buildSettings = {
				ASSETCATALOG_COMPILER_APPICON_NAME = AppIcon;
				DEVELOPMENT_TEAM = PKENYAN37N;
				INFOPLIST_FILE = SampleCustomClassDataStorage/Info.plist;
				LD_RUNPATH_SEARCH_PATHS = "$(inherited) @executable_path/Frameworks";
				PRODUCT_BUNDLE_IDENTIFIER = jp.myapp.SampleCustomClassDataStorage;
				PRODUCT_NAME = "$(TARGET_NAME)";
				SWIFT_VERSION = 3.0;
			};
			name = Debug;
		};
		66C22CA21F2230CB004DD4A2 /* Release */ = {
			isa = XCBuildConfiguration;
			buildSettings = {
				ASSETCATALOG_COMPILER_APPICON_NAME = AppIcon;
				DEVELOPMENT_TEAM = PKENYAN37N;
				INFOPLIST_FILE = SampleCustomClassDataStorage/Info.plist;
				LD_RUNPATH_SEARCH_PATHS = "$(inherited) @executable_path/Frameworks";
				PRODUCT_BUNDLE_IDENTIFIER = jp.myapp.SampleCustomClassDataStorage;
				PRODUCT_NAME = "$(TARGET_NAME)";
				SWIFT_VERSION = 3.0;
			};
			name = Release;
		};
/* End XCBuildConfiguration section */

/* Begin XCConfigurationList section */
		66C22C891F2230CB004DD4A2 /* Build configuration list for PBXProject "SampleCustomClassDataStorage" */ = {
			isa = XCConfigurationList;
			buildConfigurations = (
				66C22C9E1F2230CB004DD4A2 /* Debug */,
				66C22C9F1F2230CB004DD4A2 /* Release */,
			);
			defaultConfigurationIsVisible = 0;
			defaultConfigurationName = Release;
		};
		66C22CA01F2230CB004DD4A2 /* Build configuration list for PBXNativeTarget "SampleCustomClassDataStorage" */ = {
			isa = XCConfigurationList;
			buildConfigurations = (
				66C22CA11F2230CB004DD4A2 /* Debug */,
				66C22CA21F2230CB004DD4A2 /* Release */,
			);
			defaultConfigurationIsVisible = 0;
		};
/* End XCConfigurationList section */
	};
	rootObject = 66C22C861F2230CB004DD4A2 /* Project object */;
}
