// !$*UTF8*$!
{
	archiveVersion = 1;
	classes = {
	};
	objectVersion = 46;
	objects = {

/* Begin PBXBuildFile section */
		6626C1771F2216210067992F /* AppDelegate.swift in Sources */ = {isa = PBXBuildFile; fileRef = 6626C1761F2216210067992F /* AppDelegate.swift */; };
		6626C1791F2216210067992F /* ViewController.swift in Sources */ = {isa = PBXBuildFile; fileRef = 6626C1781F2216210067992F /* ViewController.swift */; };
		6626C17C1F2216210067992F /* Main.storyboard in Resources */ = {isa = PBXBuildFile; fileRef = 6626C17A1F2216210067992F /* Main.storyboard */; };
		6626C17E1F2216210067992F /* Assets.xcassets in Resources */ = {isa = PBXBuildFile; fileRef = 6626C17D1F2216210067992F /* Assets.xcassets */; };
		6626C1811F2216210067992F /* LaunchScreen.storyboard in Resources */ = {isa = PBXBuildFile; fileRef = 6626C17F1F2216210067992F /* LaunchScreen.storyboard */; };
/* End PBXBuildFile section */

/* Begin PBXFileReference section */
		6626C1731F2216210067992F /* SampleDataStorage.app */ = {isa = PBXFileReference; explicitFileType = wrapper.application; includeInIndex = 0; path = SampleDataStorage.app; sourceTree = BUILT_PRODUCTS_DIR; };
		6626C1761F2216210067992F /* AppDelegate.swift */ = {isa = PBXFileReference; lastKnownFileType = sourcecode.swift; path = AppDelegate.swift; sourceTree = "<group>"; };
		6626C1781F2216210067992F /* ViewController.swift */ = {isa = PBXFileReference; lastKnownFileType = sourcecode.swift; path = ViewController.swift; sourceTree = "<group>"; };
		6626C17B1F2216210067992F /* Base */ = {isa = PBXFileReference; lastKnownFileType = file.storyboard; name = Base; path = Base.lproj/Main.storyboard; sourceTree = "<group>"; };
		6626C17D1F2216210067992F /* Assets.xcassets */ = {isa = PBXFileReference; lastKnownFileType = folder.assetcatalog; path = Assets.xcassets; sourceTree = "<group>"; };
		6626C1801F2216210067992F /* Base */ = {isa = PBXFileReference; lastKnownFileType = file.storyboard; name = Base; path = Base.lproj/LaunchScreen.storyboard; sourceTree = "<group>"; };
		6626C1821F2216210067992F /* Info.plist */ = {isa = PBXFileReference; lastKnownFileType = text.plist.xml; path = Info.plist; sourceTree = "<group>"; };
/* End PBXFileReference section */

/* Begin PBXFrameworksBuildPhase section */
		6626C1701F2216210067992F /* Frameworks */ = {
			isa = PBXFrameworksBuildPhase;
			buildActionMask = 2147483647;
			files = (
			);
			runOnlyForDeploymentPostprocessing = 0;
		};
/* End PBXFrameworksBuildPhase section */

/* Begin PBXGroup section */
		6626C16A1F2216210067992F = {
			isa = PBXGroup;
			children = (
				6626C1751F2216210067992F /* SampleDataStorage */,
				6626C1741F2216210067992F /* Products */,
			);
			sourceTree = "<group>";
		};
		6626C1741F2216210067992F /* Products */ = {
			isa = PBXGroup;
			children = (
				6626C1731F2216210067992F /* SampleDataStorage.app */,
			);
			name = Products;
			sourceTree = "<group>";
		};
		6626C1751F2216210067992F /* SampleDataStorage */ = {
			isa = PBXGroup;
			children = (
				6626C1761F2216210067992F /* AppDelegate.swift */,
				6626C1781F2216210067992F /* ViewController.swift */,
				6626C17A1F2216210067992F /* Main.storyboard */,
				6626C17D1F2216210067992F /* Assets.xcassets */,
				6626C17F1F2216210067992F /* LaunchScreen.storyboard */,
				6626C1821F2216210067992F /* Info.plist */,
			);
			path = SampleDataStorage;
			sourceTree = "<group>";
		};
/* End PBXGroup section */

/* Begin PBXNativeTarget section */
		6626C1721F2216210067992F /* SampleDataStorage */ = {
			isa = PBXNativeTarget;
			buildConfigurationList = 6626C1851F2216210067992F /* Build configuration list for PBXNativeTarget "SampleDataStorage" */;
			buildPhases = (
				6626C16F1F2216210067992F /* Sources */,
				6626C1701F2216210067992F /* Frameworks */,
				6626C1711F2216210067992F /* Resources */,
			);
			buildRules = (
			);
			dependencies = (
			);
			name = SampleDataStorage;
			productName = SampleDataStorage;
			productReference = 6626C1731F2216210067992F /* SampleDataStorage.app */;
			productType = "com.apple.product-type.application";
		};
/* End PBXNativeTarget section */

/* Begin PBXProject section */
		6626C16B1F2216210067992F /* Project object */ = {
			isa = PBXProject;
			attributes = {
				LastSwiftUpdateCheck = 0830;
				LastUpgradeCheck = 0830;
				ORGANIZATIONNAME = TakahiroJimba;
				TargetAttributes = {
					6626C1721F2216210067992F = {
						CreatedOnToolsVersion = 8.3.3;
						DevelopmentTeam = PKENYAN37N;
						ProvisioningStyle = Automatic;
					};
				};
			};
			buildConfigurationList = 6626C16E1F2216210067992F /* Build configuration list for PBXProject "SampleDataStorage" */;
			compatibilityVersion = "Xcode 3.2";
			developmentRegion = English;
			hasScannedForEncodings = 0;
			knownRegions = (
				en,
				Base,
			);
			mainGroup = 6626C16A1F2216210067992F;
			productRefGroup = 6626C1741F2216210067992F /* Products */;
			projectDirPath = "";
			projectRoot = "";
			targets = (
				6626C1721F2216210067992F /* SampleDataStorage */,
			);
		};
/* End PBXProject section */

/* Begin PBXResourcesBuildPhase section */
		6626C1711F2216210067992F /* Resources */ = {
			isa = PBXResourcesBuildPhase;
			buildActionMask = 2147483647;
			files = (
				6626C1811F2216210067992F /* LaunchScreen.storyboard in Resources */,
				6626C17E1F2216210067992F /* Assets.xcassets in Resources */,
				6626C17C1F2216210067992F /* Main.storyboard in Resources */,
			);
			runOnlyForDeploymentPostprocessing = 0;
		};
/* End PBXResourcesBuildPhase section */

/* Begin PBXSourcesBuildPhase section */
		6626C16F1F2216210067992F /* Sources */ = {
			isa = PBXSourcesBuildPhase;
			buildActionMask = 2147483647;
			files = (
				6626C1791F2216210067992F /* ViewController.swift in Sources */,
				6626C1771F2216210067992F /* AppDelegate.swift in Sources */,
			);
			runOnlyForDeploymentPostprocessing = 0;
		};
/* End PBXSourcesBuildPhase section */

/* Begin PBXVariantGroup section */
		6626C17A1F2216210067992F /* Main.storyboard */ = {
			isa = PBXVariantGroup;
			children = (
				6626C17B1F2216210067992F /* Base */,
			);
			name = Main.storyboard;
			sourceTree = "<group>";
		};
		6626C17F1F2216210067992F /* LaunchScreen.storyboard */ = {
			isa = PBXVariantGroup;
			children = (
				6626C1801F2216210067992F /* Base */,
			);
			name = LaunchScreen.storyboard;
			sourceTree = "<group>";
		};
/* End PBXVariantGroup section */

/* Begin XCBuildConfiguration section */
		6626C1831F2216210067992F /* Debug */ = {
			isa = XCBuildConfiguration;
			buildSettings = {
				ALWAYS_SEARCH_USER_PATHS = NO;
				CLANG_ANALYZER_NONNULL = YES;
				CLANG_ANALYZER_NUMBER_OBJECT_CONVERSION = YES_AGGRESSIVE;
				CLANG_CXX_LANGUAGE_STANDARD = "gnu++0x";
				CLANG_CXX_LIBRARY = "libc++";
				CLANG_ENABLE_MODULES = YES;
				CLANG_ENABLE_OBJC_ARC = YES;
				CLANG_WARN_BOOL_CONVERSION = YES;
				CLANG_WARN_CONSTANT_CONVERSION = YES;
				CLANG_WARN_DIRECT_OBJC_ISA_USAGE = YES_ERROR;
				CLANG_WARN_DOCUMENTATION_COMMENTS = YES;
				CLANG_WARN_EMPTY_BODY = YES;
				CLANG_WARN_ENUM_CONVERSION = YES;
				CLANG_WARN_INFINITE_RECURSION = YES;
				CLANG_WARN_INT_CONVERSION = YES;
				CLANG_WARN_OBJC_ROOT_CLASS = YES_ERROR;
				CLANG_WARN_SUSPICIOUS_MOVE = YES;
				CLANG_WARN_UNREACHABLE_CODE = YES;
				CLANG_WARN__DUPLICATE_METHOD_MATCH = YES;
				"CODE_SIGN_IDENTITY[sdk=iphoneos*]" = "iPhone Developer";
				COPY_PHASE_STRIP = NO;
				DEBUG_INFORMATION_FORMAT = dwarf;
				ENABLE_STRICT_OBJC_MSGSEND = YES;
				ENABLE_TESTABILITY = YES;
				GCC_C_LANGUAGE_STANDARD = gnu99;
				GCC_DYNAMIC_NO_PIC = NO;
				GCC_NO_COMMON_BLOCKS = YES;
				GCC_OPTIMIZATION_LEVEL = 0;
				GCC_PREPROCESSOR_DEFINITIONS = (
					"DEBUG=1",
					"$(inherited)",
				);
				GCC_WARN_64_TO_32_BIT_CONVERSION = YES;
				GCC_WARN_ABOUT_RETURN_TYPE = YES_ERROR;
				GCC_WARN_UNDECLARED_SELECTOR = YES;
				GCC_WARN_UNINITIALIZED_AUTOS = YES_AGGRESSIVE;
				GCC_WARN_UNUSED_FUNCTION = YES;
				GCC_WARN_UNUSED_VARIABLE = YES;
				IPHONEOS_DEPLOYMENT_TARGET = 10.3;
				MTL_ENABLE_DEBUG_INFO = YES;
				ONLY_ACTIVE_ARCH = YES;
				SDKROOT = iphoneos;
				SWIFT_ACTIVE_COMPILATION_CONDITIONS = DEBUG;
				SWIFT_OPTIMIZATION_LEVEL = "-Onone";
			};
			name = Debug;
		};
		6626C1841F2216210067992F /* Release */ = {
			isa = XCBuildConfiguration;
			buildSettings = {
				ALWAYS_SEARCH_USER_PATHS = NO;
				CLANG_ANALYZER_NONNULL = YES;
				CLANG_ANALYZER_NUMBER_OBJECT_CONVERSION = YES_AGGRESSIVE;
				CLANG_CXX_LANGUAGE_STANDARD = "gnu++0x";
				CLANG_CXX_LIBRARY = "libc++";
				CLANG_ENABLE_MODULES = YES;
				CLANG_ENABLE_OBJC_ARC = YES;
				CLANG_WARN_BOOL_CONVERSION = YES;
				CLANG_WARN_CONSTANT_CONVERSION = YES;
				CLANG_WARN_DIRECT_OBJC_ISA_USAGE = YES_ERROR;
				CLANG_WARN_DOCUMENTATION_COMMENTS = YES;
				CLANG_WARN_EMPTY_BODY = YES;
				CLANG_WARN_ENUM_CONVERSION = YES;
				CLANG_WARN_INFINITE_RECURSION = YES;
				CLANG_WARN_INT_CONVERSION = YES;
				CLANG_WARN_OBJC_ROOT_CLASS = YES_ERROR;
				CLANG_WARN_SUSPICIOUS_MOVE = YES;
				CLANG_WARN_UNREACHABLE_CODE = YES;
				CLANG_WARN__DUPLICATE_METHOD_MATCH = YES;
				"CODE_SIGN_IDENTITY[sdk=iphoneos*]" = "iPhone Developer";
				COPY_PHASE_STRIP = NO;
				DEBUG_INFORMATION_FORMAT = "dwarf-with-dsym";
				ENABLE_NS_ASSERTIONS = NO;
				ENABLE_STRICT_OBJC_MSGSEND = YES;
				GCC_C_LANGUAGE_STANDARD = gnu99;
				GCC_NO_COMMON_BLOCKS = YES;
				GCC_WARN_64_TO_32_BIT_CONVERSION = YES;
				GCC_WARN_ABOUT_RETURN_TYPE = YES_ERROR;
				GCC_WARN_UNDECLARED_SELECTOR = YES;
				GCC_WARN_UNINITIALIZED_AUTOS = YES_AGGRESSIVE;
				GCC_WARN_UNUSED_FUNCTION = YES;
				GCC_WARN_UNUSED_VARIABLE = YES;
				IPHONEOS_DEPLOYMENT_TARGET = 10.3;
				MTL_ENABLE_DEBUG_INFO = NO;
				SDKROOT = iphoneos;
				SWIFT_OPTIMIZATION_LEVEL = "-Owholemodule";
				VALIDATE_PRODUCT = YES;
			};
			name = Release;
		};
		6626C1861F2216210067992F /* Debug */ = {
			isa = XCBuildConfiguration;
			buildSettings = {
				ASSETCATALOG_COMPILER_APPICON_NAME = AppIcon;
				DEVELOPMENT_TEAM = PKENYAN37N;
				INFOPLIST_FILE = SampleDataStorage/Info.plist;
				LD_RUNPATH_SEARCH_PATHS = "$(inherited) @executable_path/Frameworks";
				PRODUCT_BUNDLE_IDENTIFIER = jp.myapp.SampleDataStorage;
				PRODUCT_NAME = "$(TARGET_NAME)";
				SWIFT_VERSION = 3.0;
			};
			name = Debug;
		};
		6626C1871F2216210067992F /* Release */ = {
			isa = XCBuildConfiguration;
			buildSettings = {
				ASSETCATALOG_COMPILER_APPICON_NAME = AppIcon;
				DEVELOPMENT_TEAM = PKENYAN37N;
				INFOPLIST_FILE = SampleDataStorage/Info.plist;
				LD_RUNPATH_SEARCH_PATHS = "$(inherited) @executable_path/Frameworks";
				PRODUCT_BUNDLE_IDENTIFIER = jp.myapp.SampleDataStorage;
				PRODUCT_NAME = "$(TARGET_NAME)";
				SWIFT_VERSION = 3.0;
			};
			name = Release;
		};
/* End XCBuildConfiguration section */

/* Begin XCConfigurationList section */
		6626C16E1F2216210067992F /* Build configuration list for PBXProject "SampleDataStorage" */ = {
			isa = XCConfigurationList;
			buildConfigurations = (
				6626C1831F2216210067992F /* Debug */,
				6626C1841F2216210067992F /* Release */,
			);
			defaultConfigurationIsVisible = 0;
			defaultConfigurationName = Release;
		};
		6626C1851F2216210067992F /* Build configuration list for PBXNativeTarget "SampleDataStorage" */ = {
			isa = XCConfigurationList;
			buildConfigurations = (
				6626C1861F2216210067992F /* Debug */,
				6626C1871F2216210067992F /* Release */,
			);
			defaultConfigurationIsVisible = 0;
		};
/* End XCConfigurationList section */
	};
	rootObject = 6626C16B1F2216210067992F /* Project object */;
}
