// !$*UTF8*$!
{
	archiveVersion = 1;
	classes = {
	};
	objectVersion = 46;
	objects = {

/* Begin PBXBuildFile section */
		66D53C8A1F1D1317003F654A /* AppDelegate.swift in Sources */ = {isa = PBXBuildFile; fileRef = 66D53C891F1D1317003F654A /* AppDelegate.swift */; };
		66D53C8C1F1D1317003F654A /* ViewController.swift in Sources */ = {isa = PBXBuildFile; fileRef = 66D53C8B1F1D1317003F654A /* ViewController.swift */; };
		66D53C8F1F1D1317003F654A /* Main.storyboard in Resources */ = {isa = PBXBuildFile; fileRef = 66D53C8D1F1D1317003F654A /* Main.storyboard */; };
		66D53C911F1D1317003F654A /* Assets.xcassets in Resources */ = {isa = PBXBuildFile; fileRef = 66D53C901F1D1317003F654A /* Assets.xcassets */; };
		66D53C941F1D1317003F654A /* LaunchScreen.storyboard in Resources */ = {isa = PBXBuildFile; fileRef = 66D53C921F1D1317003F654A /* LaunchScreen.storyboard */; };
		66F79CC51F1F93F90006A39B /* PercentViewController.swift in Sources */ = {isa = PBXBuildFile; fileRef = 66F79CC41F1F93F90006A39B /* PercentViewController.swift */; };
		66F79CC71F1FA73B0006A39B /* ResultViewController.swift in Sources */ = {isa = PBXBuildFile; fileRef = 66F79CC61F1FA73B0006A39B /* ResultViewController.swift */; };
/* End PBXBuildFile section */

/* Begin PBXFileReference section */
		66D53C861F1D1317003F654A /* MyCalc.app */ = {isa = PBXFileReference; explicitFileType = wrapper.application; includeInIndex = 0; path = MyCalc.app; sourceTree = BUILT_PRODUCTS_DIR; };
		66D53C891F1D1317003F654A /* AppDelegate.swift */ = {isa = PBXFileReference; lastKnownFileType = sourcecode.swift; path = AppDelegate.swift; sourceTree = "<group>"; };
		66D53C8B1F1D1317003F654A /* ViewController.swift */ = {isa = PBXFileReference; lastKnownFileType = sourcecode.swift; path = ViewController.swift; sourceTree = "<group>"; };
		66D53C8E1F1D1317003F654A /* Base */ = {isa = PBXFileReference; lastKnownFileType = file.storyboard; name = Base; path = Base.lproj/Main.storyboard; sourceTree = "<group>"; };
		66D53C901F1D1317003F654A /* Assets.xcassets */ = {isa = PBXFileReference; lastKnownFileType = folder.assetcatalog; path = Assets.xcassets; sourceTree = "<group>"; };
		66D53C931F1D1317003F654A /* Base */ = {isa = PBXFileReference; lastKnownFileType = file.storyboard; name = Base; path = Base.lproj/LaunchScreen.storyboard; sourceTree = "<group>"; };
		66D53C951F1D1317003F654A /* Info.plist */ = {isa = PBXFileReference; lastKnownFileType = text.plist.xml; path = Info.plist; sourceTree = "<group>"; };
		66F79CC41F1F93F90006A39B /* PercentViewController.swift */ = {isa = PBXFileReference; fileEncoding = 4; lastKnownFileType = sourcecode.swift; path = PercentViewController.swift; sourceTree = "<group>"; };
		66F79CC61F1FA73B0006A39B /* ResultViewController.swift */ = {isa = PBXFileReference; fileEncoding = 4; lastKnownFileType = sourcecode.swift; path = ResultViewController.swift; sourceTree = "<group>"; };
/* End PBXFileReference section */

/* Begin PBXFrameworksBuildPhase section */
		66D53C831F1D1317003F654A /* Frameworks */ = {
			isa = PBXFrameworksBuildPhase;
			buildActionMask = 2147483647;
			files = (
			);
			runOnlyForDeploymentPostprocessing = 0;
		};
/* End PBXFrameworksBuildPhase section */

/* Begin PBXGroup section */
		66D53C7D1F1D1317003F654A = {
			isa = PBXGroup;
			children = (
				66D53C881F1D1317003F654A /* MyCalc */,
				66D53C871F1D1317003F654A /* Products */,
			);
			sourceTree = "<group>";
		};
		66D53C871F1D1317003F654A /* Products */ = {
			isa = PBXGroup;
			children = (
				66D53C861F1D1317003F654A /* MyCalc.app */,
			);
			name = Products;
			sourceTree = "<group>";
		};
		66D53C881F1D1317003F654A /* MyCalc */ = {
			isa = PBXGroup;
			children = (
				66D53C891F1D1317003F654A /* AppDelegate.swift */,
				66D53C8B1F1D1317003F654A /* ViewController.swift */,
				66F79CC61F1FA73B0006A39B /* ResultViewController.swift */,
				66D53C8D1F1D1317003F654A /* Main.storyboard */,
				66F79CC41F1F93F90006A39B /* PercentViewController.swift */,
				66D53C901F1D1317003F654A /* Assets.xcassets */,
				66D53C921F1D1317003F654A /* LaunchScreen.storyboard */,
				66D53C951F1D1317003F654A /* Info.plist */,
			);
			path = MyCalc;
			sourceTree = "<group>";
		};
/* End PBXGroup section */

/* Begin PBXNativeTarget section */
		66D53C851F1D1317003F654A /* MyCalc */ = {
			isa = PBXNativeTarget;
			buildConfigurationList = 66D53C981F1D1317003F654A /* Build configuration list for PBXNativeTarget "MyCalc" */;
			buildPhases = (
				66D53C821F1D1317003F654A /* Sources */,
				66D53C831F1D1317003F654A /* Frameworks */,
				66D53C841F1D1317003F654A /* Resources */,
			);
			buildRules = (
			);
			dependencies = (
			);
			name = MyCalc;
			productName = MyCalc;
			productReference = 66D53C861F1D1317003F654A /* MyCalc.app */;
			productType = "com.apple.product-type.application";
		};
/* End PBXNativeTarget section */

/* Begin PBXProject section */
		66D53C7E1F1D1317003F654A /* Project object */ = {
			isa = PBXProject;
			attributes = {
				LastSwiftUpdateCheck = 0830;
				LastUpgradeCheck = 0830;
				ORGANIZATIONNAME = TakahiroJimba;
				TargetAttributes = {
					66D53C851F1D1317003F654A = {
						CreatedOnToolsVersion = 8.3.3;
						DevelopmentTeam = PKENYAN37N;
						ProvisioningStyle = Automatic;
					};
				};
			};
			buildConfigurationList = 66D53C811F1D1317003F654A /* Build configuration list for PBXProject "MyCalc" */;
			compatibilityVersion = "Xcode 3.2";
			developmentRegion = English;
			hasScannedForEncodings = 0;
			knownRegions = (
				en,
				Base,
			);
			mainGroup = 66D53C7D1F1D1317003F654A;
			productRefGroup = 66D53C871F1D1317003F654A /* Products */;
			projectDirPath = "";
			projectRoot = "";
			targets = (
				66D53C851F1D1317003F654A /* MyCalc */,
			);
		};
/* End PBXProject section */

/* Begin PBXResourcesBuildPhase section */
		66D53C841F1D1317003F654A /* Resources */ = {
			isa = PBXResourcesBuildPhase;
			buildActionMask = 2147483647;
			files = (
				66D53C941F1D1317003F654A /* LaunchScreen.storyboard in Resources */,
				66D53C911F1D1317003F654A /* Assets.xcassets in Resources */,
				66D53C8F1F1D1317003F654A /* Main.storyboard in Resources */,
			);
			runOnlyForDeploymentPostprocessing = 0;
		};
/* End PBXResourcesBuildPhase section */

/* Begin PBXSourcesBuildPhase section */
		66D53C821F1D1317003F654A /* Sources */ = {
			isa = PBXSourcesBuildPhase;
			buildActionMask = 2147483647;
			files = (
				66D53C8C1F1D1317003F654A /* ViewController.swift in Sources */,
				66F79CC51F1F93F90006A39B /* PercentViewController.swift in Sources */,
				66D53C8A1F1D1317003F654A /* AppDelegate.swift in Sources */,
				66F79CC71F1FA73B0006A39B /* ResultViewController.swift in Sources */,
			);
			runOnlyForDeploymentPostprocessing = 0;
		};
/* End PBXSourcesBuildPhase section */

/* Begin PBXVariantGroup section */
		66D53C8D1F1D1317003F654A /* Main.storyboard */ = {
			isa = PBXVariantGroup;
			children = (
				66D53C8E1F1D1317003F654A /* Base */,
			);
			name = Main.storyboard;
			sourceTree = "<group>";
		};
		66D53C921F1D1317003F654A /* LaunchScreen.storyboard */ = {
			isa = PBXVariantGroup;
			children = (
				66D53C931F1D1317003F654A /* Base */,
			);
			name = LaunchScreen.storyboard;
			sourceTree = "<group>";
		};
/* End PBXVariantGroup section */

/* Begin XCBuildConfiguration section */
		66D53C961F1D1317003F654A /* Debug */ = {
			isa = XCBuildConfiguration;
			buildSettings = {
				ALWAYS_SEARCH_USER_PATHS = NO;
				CLANG_ANALYZER_NONNULL = YES;
				CLANG_ANALYZER_NUMBER_OBJECT_CONVERSION = YES_AGGRESSIVE;
				CLANG_CXX_LANGUAGE_STANDARD = "gnu++0x";
				CLANG_CXX_LIBRARY = "libc++";
				CLANG_ENABLE_MODULES = YES;
				CLANG_ENABLE_OBJC_ARC = YES;
				CLANG_WARN_BOOL_CONVERSION = YES;
				CLANG_WARN_CONSTANT_CONVERSION = YES;
				CLANG_WARN_DIRECT_OBJC_ISA_USAGE = YES_ERROR;
				CLANG_WARN_DOCUMENTATION_COMMENTS = YES;
				CLANG_WARN_EMPTY_BODY = YES;
				CLANG_WARN_ENUM_CONVERSION = YES;
				CLANG_WARN_INFINITE_RECURSION = YES;
				CLANG_WARN_INT_CONVERSION = YES;
				CLANG_WARN_OBJC_ROOT_CLASS = YES_ERROR;
				CLANG_WARN_SUSPICIOUS_MOVE = YES;
				CLANG_WARN_UNREACHABLE_CODE = YES;
				CLANG_WARN__DUPLICATE_METHOD_MATCH = YES;
				"CODE_SIGN_IDENTITY[sdk=iphoneos*]" = "iPhone Developer";
				COPY_PHASE_STRIP = NO;
				DEBUG_INFORMATION_FORMAT = dwarf;
				ENABLE_STRICT_OBJC_MSGSEND = YES;
				ENABLE_TESTABILITY = YES;
				GCC_C_LANGUAGE_STANDARD = gnu99;
				GCC_DYNAMIC_NO_PIC = NO;
				GCC_NO_COMMON_BLOCKS = YES;
				GCC_OPTIMIZATION_LEVEL = 0;
				GCC_PREPROCESSOR_DEFINITIONS = (
					"DEBUG=1",
					"$(inherited)",
				);
				GCC_WARN_64_TO_32_BIT_CONVERSION = YES;
				GCC_WARN_ABOUT_RETURN_TYPE = YES_ERROR;
				GCC_WARN_UNDECLARED_SELECTOR = YES;
				GCC_WARN_UNINITIALIZED_AUTOS = YES_AGGRESSIVE;
				GCC_WARN_UNUSED_FUNCTION = YES;
				GCC_WARN_UNUSED_VARIABLE = YES;
				IPHONEOS_DEPLOYMENT_TARGET = 10.3;
				MTL_ENABLE_DEBUG_INFO = YES;
				ONLY_ACTIVE_ARCH = YES;
				SDKROOT = iphoneos;
				SWIFT_ACTIVE_COMPILATION_CONDITIONS = DEBUG;
				SWIFT_OPTIMIZATION_LEVEL = "-Onone";
				TARGETED_DEVICE_FAMILY = "1,2";
			};
			name = Debug;
		};
		66D53C971F1D1317003F654A /* Release */ = {
			isa = XCBuildConfiguration;
			buildSettings = {
				ALWAYS_SEARCH_USER_PATHS = NO;
				CLANG_ANALYZER_NONNULL = YES;
				CLANG_ANALYZER_NUMBER_OBJECT_CONVERSION = YES_AGGRESSIVE;
				CLANG_CXX_LANGUAGE_STANDARD = "gnu++0x";
				CLANG_CXX_LIBRARY = "libc++";
				CLANG_ENABLE_MODULES = YES;
				CLANG_ENABLE_OBJC_ARC = YES;
				CLANG_WARN_BOOL_CONVERSION = YES;
				CLANG_WARN_CONSTANT_CONVERSION = YES;
				CLANG_WARN_DIRECT_OBJC_ISA_USAGE = YES_ERROR;
				CLANG_WARN_DOCUMENTATION_COMMENTS = YES;
				CLANG_WARN_EMPTY_BODY = YES;
				CLANG_WARN_ENUM_CONVERSION = YES;
				CLANG_WARN_INFINITE_RECURSION = YES;
				CLANG_WARN_INT_CONVERSION = YES;
				CLANG_WARN_OBJC_ROOT_CLASS = YES_ERROR;
				CLANG_WARN_SUSPICIOUS_MOVE = YES;
				CLANG_WARN_UNREACHABLE_CODE = YES;
				CLANG_WARN__DUPLICATE_METHOD_MATCH = YES;
				"CODE_SIGN_IDENTITY[sdk=iphoneos*]" = "iPhone Developer";
				COPY_PHASE_STRIP = NO;
				DEBUG_INFORMATION_FORMAT = "dwarf-with-dsym";
				ENABLE_NS_ASSERTIONS = NO;
				ENABLE_STRICT_OBJC_MSGSEND = YES;
				GCC_C_LANGUAGE_STANDARD = gnu99;
				GCC_NO_COMMON_BLOCKS = YES;
				GCC_WARN_64_TO_32_BIT_CONVERSION = YES;
				GCC_WARN_ABOUT_RETURN_TYPE = YES_ERROR;
				GCC_WARN_UNDECLARED_SELECTOR = YES;
				GCC_WARN_UNINITIALIZED_AUTOS = YES_AGGRESSIVE;
				GCC_WARN_UNUSED_FUNCTION = YES;
				GCC_WARN_UNUSED_VARIABLE = YES;
				IPHONEOS_DEPLOYMENT_TARGET = 10.3;
				MTL_ENABLE_DEBUG_INFO = NO;
				SDKROOT = iphoneos;
				SWIFT_OPTIMIZATION_LEVEL = "-Owholemodule";
				TARGETED_DEVICE_FAMILY = "1,2";
				VALIDATE_PRODUCT = YES;
			};
			name = Release;
		};
		66D53C991F1D1317003F654A /* Debug */ = {
			isa = XCBuildConfiguration;
			buildSettings = {
				ASSETCATALOG_COMPILER_APPICON_NAME = AppIcon;
				DEVELOPMENT_TEAM = PKENYAN37N;
				INFOPLIST_FILE = MyCalc/Info.plist;
				LD_RUNPATH_SEARCH_PATHS = "$(inherited) @executable_path/Frameworks";
				PRODUCT_BUNDLE_IDENTIFIER = jp.myapp.MyCalc;
				PRODUCT_NAME = "$(TARGET_NAME)";
				SWIFT_VERSION = 3.0;
			};
			name = Debug;
		};
		66D53C9A1F1D1317003F654A /* Release */ = {
			isa = XCBuildConfiguration;
			buildSettings = {
				ASSETCATALOG_COMPILER_APPICON_NAME = AppIcon;
				DEVELOPMENT_TEAM = PKENYAN37N;
				INFOPLIST_FILE = MyCalc/Info.plist;
				LD_RUNPATH_SEARCH_PATHS = "$(inherited) @executable_path/Frameworks";
				PRODUCT_BUNDLE_IDENTIFIER = jp.myapp.MyCalc;
				PRODUCT_NAME = "$(TARGET_NAME)";
				SWIFT_VERSION = 3.0;
			};
			name = Release;
		};
/* End XCBuildConfiguration section */

/* Begin XCConfigurationList section */
		66D53C811F1D1317003F654A /* Build configuration list for PBXProject "MyCalc" */ = {
			isa = XCConfigurationList;
			buildConfigurations = (
				66D53C961F1D1317003F654A /* Debug */,
				66D53C971F1D1317003F654A /* Release */,
			);
			defaultConfigurationIsVisible = 0;
			defaultConfigurationName = Release;
		};
		66D53C981F1D1317003F654A /* Build configuration list for PBXNativeTarget "MyCalc" */ = {
			isa = XCConfigurationList;
			buildConfigurations = (
				66D53C991F1D1317003F654A /* Debug */,
				66D53C9A1F1D1317003F654A /* Release */,
			);
			defaultConfigurationIsVisible = 0;
			defaultConfigurationName = Release;
		};
/* End XCConfigurationList section */
	};
	rootObject = 66D53C7E1F1D1317003F654A /* Project object */;
}
